
Microsoft Visual Studio Solution File, Format Version 12.00
# Visual Studio Version 16
VisualStudioVersion = 16.0.33927.289
MinimumVisualStudioVersion = 10.0.40219.1
Project("{FAE04EC0-301F-11D3-BF4B-00C04F79EFBC}") = "EmpManagementMVC", "EmpManagementMVC.csproj", "{A590A319-79CD-4B21-92D4-507EBDF737A4}"
EndProject
Global
	GlobalSection(SolutionConfigurationPlatforms) = preSolution
		Debug|Any CPU = Debug|Any CPU
		Release|Any CPU = Release|Any CPU
	EndGlobalSection
	GlobalSection(ProjectConfigurationPlatforms) = postSolution
		{A590A319-79CD-4B21-92D4-507EBDF737A4}.Debug|Any CPU.ActiveCfg = Debug|Any CPU
		{A590A319-79CD-4B21-92D4-507EBDF737A4}.Debug|Any CPU.Build.0 = Debug|Any CPU
		{A590A319-79CD-4B21-92D4-507EBDF737A4}.Release|Any CPU.ActiveCfg = Release|Any CPU
		{A590A319-79CD-4B21-92D4-507EBDF737A4}.Release|Any CPU.Build.0 = Release|Any CPU
	EndGlobalSection
	GlobalSection(SolutionProperties) = preSolution
		HideSolutionNode = FALSE
	EndGlobalSection
	GlobalSection(ExtensibilityGlobals) = postSolution
		SolutionGuid = {259BCB7B-EB91-4D80-94F6-8222ED8E5CA3}
	EndGlobalSection
EndGlobal
